
Microsoft Visual Studio Solution File, Format Version 12.00
# Visual Studio Version 17
VisualStudioVersion = 17.1.32328.378
MinimumVisualStudioVersion = 10.0.40219.1
Project("{9A19103F-16F7-4668-BE54-9A1E7A4F7556}") = "3Majasdrabs", "3Majasdrabs\3Majasdrabs.csproj", "{8BCC2724-28E1-4566-9303-0D64444812C4}"
EndProject
Global
	GlobalSection(SolutionConfigurationPlatforms) = preSolution
		Debug|Any CPU = Debug|Any CPU
		Release|Any CPU = Release|Any CPU
	EndGlobalSection
	GlobalSection(ProjectConfigurationPlatforms) = postSolution
		{8BCC2724-28E1-4566-9303-0D64444812C4}.Debug|Any CPU.ActiveCfg = Debug|Any CPU
		{8BCC2724-28E1-4566-9303-0D64444812C4}.Debug|Any CPU.Build.0 = Debug|Any CPU
		{8BCC2724-28E1-4566-9303-0D64444812C4}.Release|Any CPU.ActiveCfg = Release|Any CPU
		{8BCC2724-28E1-4566-9303-0D64444812C4}.Release|Any CPU.Build.0 = Release|Any CPU
	EndGlobalSection
	GlobalSection(SolutionProperties) = preSolution
		HideSolutionNode = FALSE
	EndGlobalSection
	GlobalSection(ExtensibilityGlobals) = postSolution
		SolutionGuid = {1C35966F-4134-4CB9-AEFC-2EE14FE180C4}
	EndGlobalSection
EndGlobal
